
Microsoft Visual Studio Solution File, Format Version 11.00
# Visual Studio 2010
Project("{FAE04EC0-301F-11D3-BF4B-00C04F79EFBC}") = "Health test", "Health test\Health test\Health test.csproj", "{AD8FE6F2-4FB2-4399-B611-8D4013C9D0A2}"
EndProject
Project("{96E2B04D-8817-42C6-938A-82C39BA4D311}") = "Health testContent", "Health test\Health testContent\Health testContent.contentproj", "{E4268C7E-E1B0-41B5-AB89-03C26714D649}"
EndProject
Global
	GlobalSection(SolutionConfigurationPlatforms) = preSolution
		Debug|x86 = Debug|x86
		Release|x86 = Release|x86
	EndGlobalSection
	GlobalSection(ProjectConfigurationPlatforms) = postSolution
		{AD8FE6F2-4FB2-4399-B611-8D4013C9D0A2}.Debug|x86.ActiveCfg = Debug|x86
		{AD8FE6F2-4FB2-4399-B611-8D4013C9D0A2}.Debug|x86.Build.0 = Debug|x86
		{AD8FE6F2-4FB2-4399-B611-8D4013C9D0A2}.Release|x86.ActiveCfg = Release|x86
		{AD8FE6F2-4FB2-4399-B611-8D4013C9D0A2}.Release|x86.Build.0 = Release|x86
		{E4268C7E-E1B0-41B5-AB89-03C26714D649}.Debug|x86.ActiveCfg = Debug|x86
		{E4268C7E-E1B0-41B5-AB89-03C26714D649}.Release|x86.ActiveCfg = Release|x86
	EndGlobalSection
	GlobalSection(SolutionProperties) = preSolution
		HideSolutionNode = FALSE
	EndGlobalSection
EndGlobal
