
Microsoft Visual Studio Solution File, Format Version 11.00
# Visual Studio 2010
Project("{FAE04EC0-301F-11D3-BF4B-00C04F79EFBC}") = "GreeksRiot", "GreeksRiot\GreeksRiot\GreeksRiot.csproj", "{BE4B785F-0AA5-47B8-8109-42F54E02671E}"
EndProject
Project("{96E2B04D-8817-42C6-938A-82C39BA4D311}") = "GreeksRiotContent", "GreeksRiot\GreeksRiotContent\GreeksRiotContent.contentproj", "{1B9A0527-E860-4576-9204-3E1A560705CD}"
EndProject
Global
	GlobalSection(SolutionConfigurationPlatforms) = preSolution
		Debug|x86 = Debug|x86
		Release|x86 = Release|x86
	EndGlobalSection
	GlobalSection(ProjectConfigurationPlatforms) = postSolution
		{BE4B785F-0AA5-47B8-8109-42F54E02671E}.Debug|x86.ActiveCfg = Debug|x86
		{BE4B785F-0AA5-47B8-8109-42F54E02671E}.Debug|x86.Build.0 = Debug|x86
		{BE4B785F-0AA5-47B8-8109-42F54E02671E}.Release|x86.ActiveCfg = Release|x86
		{BE4B785F-0AA5-47B8-8109-42F54E02671E}.Release|x86.Build.0 = Release|x86
		{1B9A0527-E860-4576-9204-3E1A560705CD}.Debug|x86.ActiveCfg = Debug|x86
		{1B9A0527-E860-4576-9204-3E1A560705CD}.Release|x86.ActiveCfg = Release|x86
	EndGlobalSection
	GlobalSection(SolutionProperties) = preSolution
		HideSolutionNode = FALSE
	EndGlobalSection
EndGlobal
