
Microsoft Visual Studio Solution File, Format Version 11.00
# Visual Studio 2010
Project("{FAE04EC0-301F-11D3-BF4B-00C04F79EFBC}") = "GreeksRiot2", "GreeksRiot2\GreeksRiot2\GreeksRiot2.csproj", "{C602DF4B-38A7-417F-BE7A-7DF6E0C19F7A}"
EndProject
Project("{96E2B04D-8817-42C6-938A-82C39BA4D311}") = "GreeksRiot2Content", "GreeksRiot2\GreeksRiot2Content\GreeksRiot2Content.contentproj", "{D104D416-9D81-4ACB-B820-53F697ABE5A5}"
EndProject
Global
	GlobalSection(SolutionConfigurationPlatforms) = preSolution
		Debug|x86 = Debug|x86
		Release|x86 = Release|x86
	EndGlobalSection
	GlobalSection(ProjectConfigurationPlatforms) = postSolution
		{C602DF4B-38A7-417F-BE7A-7DF6E0C19F7A}.Debug|x86.ActiveCfg = Debug|x86
		{C602DF4B-38A7-417F-BE7A-7DF6E0C19F7A}.Debug|x86.Build.0 = Debug|x86
		{C602DF4B-38A7-417F-BE7A-7DF6E0C19F7A}.Release|x86.ActiveCfg = Release|x86
		{C602DF4B-38A7-417F-BE7A-7DF6E0C19F7A}.Release|x86.Build.0 = Release|x86
		{D104D416-9D81-4ACB-B820-53F697ABE5A5}.Debug|x86.ActiveCfg = Debug|x86
		{D104D416-9D81-4ACB-B820-53F697ABE5A5}.Release|x86.ActiveCfg = Release|x86
	EndGlobalSection
	GlobalSection(SolutionProperties) = preSolution
		HideSolutionNode = FALSE
	EndGlobalSection
EndGlobal
